
Microsoft Visual Studio Solution File, Format Version 11.00
# Visual Studio 2010
Project("{E24C65DC-7377-472B-9ABA-BC803B73C61A}") = "School-Project", ".", "{0056AC8E-F995-48E6-BC00-5599368DB63B}"
	ProjectSection(WebsiteProperties) = preProject
		TargetFrameworkMoniker = ".NETFramework,Version%3Dv4.0"
		Debug.AspNetCompiler.VirtualPath = "/School-Project"
		Debug.AspNetCompiler.PhysicalPath = "..\School-Project\"
		Debug.AspNetCompiler.TargetPath = "PrecompiledWeb\School-Project\"
		Debug.AspNetCompiler.Updateable = "true"
		Debug.AspNetCompiler.ForceOverwrite = "true"
		Debug.AspNetCompiler.FixedNames = "false"
		Debug.AspNetCompiler.Debug = "True"
		Release.AspNetCompiler.VirtualPath = "/School-Project"
		Release.AspNetCompiler.PhysicalPath = "..\School-Project\"
		Release.AspNetCompiler.TargetPath = "PrecompiledWeb\School-Project\"
		Release.AspNetCompiler.Updateable = "true"
		Release.AspNetCompiler.ForceOverwrite = "true"
		Release.AspNetCompiler.FixedNames = "false"
		Release.AspNetCompiler.Debug = "False"
		VWDPort = "57796"
	EndProjectSection
EndProject
Global
	GlobalSection(SolutionConfigurationPlatforms) = preSolution
		Debug|Any CPU = Debug|Any CPU
	EndGlobalSection
	GlobalSection(ProjectConfigurationPlatforms) = postSolution
		{0056AC8E-F995-48E6-BC00-5599368DB63B}.Debug|Any CPU.ActiveCfg = Debug|Any CPU
		{0056AC8E-F995-48E6-BC00-5599368DB63B}.Debug|Any CPU.Build.0 = Debug|Any CPU
	EndGlobalSection
	GlobalSection(SolutionProperties) = preSolution
		HideSolutionNode = FALSE
	EndGlobalSection
EndGlobal
